{
  "name": "d2",
  "lockfileVersion": 2,
  "requires": true,
  "packages": {
    "": {
      "dependencies": {
        "binary-to-decimal": "^1.0.9"
      }
    },
    "node_modules/bignumber.js": {
      "version": "9.0.1",
      "resolved": "https://registry.npmjs.org/bignumber.js/-/bignumber.js-9.0.1.tgz",
      "integrity": "sha512-IdZR9mh6ahOBv/hYGiXyVuyCetmGJhtYkqLBpTStdhEGjegpPlUawydyaF3pbIOFynJTpllEs+NP+CS9jKFLjA==",
      "engines": {
        "node": "*"
      }
    },
    "node_modules/binary-to-decimal": {
      "version": "1.0.9",
      "resolved": "https://registry.npmjs.org/binary-to-decimal/-/binary-to-decimal-1.0.9.tgz",
      "integrity": "sha512-MJ+xjgQs+9woMqyAeeifH6rdk5dYp+DmCbg88/Ns9um8YeqjiwlJvYc/jDcq4vwgvYotFy/bBwpnRy81MLrauA==",
      "dependencies": {
        "bignumber.js": "^9.0.1"
      }
    }
  },
  "dependencies": {
    "bignumber.js": {
      "version": "9.0.1",
      "resolved": "https://registry.npmjs.org/bignumber.js/-/bignumber.js-9.0.1.tgz",
      "integrity": "sha512-IdZR9mh6ahOBv/hYGiXyVuyCetmGJhtYkqLBpTStdhEGjegpPlUawydyaF3pbIOFynJTpllEs+NP+CS9jKFLjA=="
    },
    "binary-to-decimal": {
      "version": "1.0.9",
      "resolved": "https://registry.npmjs.org/binary-to-decimal/-/binary-to-decimal-1.0.9.tgz",
      "integrity": "sha512-MJ+xjgQs+9woMqyAeeifH6rdk5dYp+DmCbg88/Ns9um8YeqjiwlJvYc/jDcq4vwgvYotFy/bBwpnRy81MLrauA==",
      "requires": {
        "bignumber.js": "^9.0.1"
      }
    }
  }
}
